Microsoft Visual Studio Solution File, Format Version 11.00
# Visual Studio 2008

Project("{33AE73AE-1F67-E292-8642-64B5794FF3F1}") = "Sandbox_1_git", "Assembly-CSharp-firstpass-vs.csproj", "{E8590370-3B4E-8933-6892-C5F7AFC1D683}"
EndProject
Project("{33AE73AE-1F67-E292-8642-64B5794FF3F1}") = "Sandbox_1_git", "Assembly-CSharp-vs.csproj", "{DAB0D93A-E14F-407E-9F5C-ACF3DB4F1695}"
EndProject
Global
	GlobalSection(SolutionConfigurationPlatforms) = preSolution
		Debug|Any CPU = Debug|Any CPU
		Release|Any CPU = Release|Any CPU
	EndGlobalSection
	GlobalSection(ProjectConfigurationPlatforms) = postSolution
		{E8590370-3B4E-8933-6892-C5F7AFC1D683}.Debug|Any CPU.ActiveCfg = Debug|Any CPU
		{E8590370-3B4E-8933-6892-C5F7AFC1D683}.Debug|Any CPU.Build.0 = Debug|Any CPU
		{E8590370-3B4E-8933-6892-C5F7AFC1D683}.Release|Any CPU.ActiveCfg = Release|Any CPU
		{E8590370-3B4E-8933-6892-C5F7AFC1D683}.Release|Any CPU.Build.0 = Release|Any CPU
		{DAB0D93A-E14F-407E-9F5C-ACF3DB4F1695}.Debug|Any CPU.ActiveCfg = Debug|Any CPU
		{DAB0D93A-E14F-407E-9F5C-ACF3DB4F1695}.Debug|Any CPU.Build.0 = Debug|Any CPU
		{DAB0D93A-E14F-407E-9F5C-ACF3DB4F1695}.Release|Any CPU.ActiveCfg = Release|Any CPU
		{DAB0D93A-E14F-407E-9F5C-ACF3DB4F1695}.Release|Any CPU.Build.0 = Release|Any CPU
	EndGlobalSection
	GlobalSection(SolutionProperties) = preSolution
		HideSolutionNode = FALSE
	EndGlobalSection
																																																																																																																																																																																																																																																																																																																																																																							GlobalSection(MonoDevelopProperties) = preSolution
		StartupItem = Assembly-CSharp.csproj
		Policies = $0
		$0.TextStylePolicy = $1
		$1.inheritsSet = null
		$1.scope = text/x-csharp
		$0.CSharpFormattingPolicy = $2
		$2.inheritsSet = Mono
		$2.inheritsScope = text/x-csharp
		$2.scope = text/x-csharp
		$0.TextStylePolicy = $3
		$3.FileWidth = 120
		$3.TabWidth = 4
		$3.EolMarker = Unix
		$3.inheritsSet = Mono
		$3.inheritsScope = text/plain
		$3.scope = text/plain
	EndGlobalSection

EndGlobal
