Microsoft Visual Studio Solution File, Format Version 11.00
# Visual Studio 2008

Project("{AFA8B402-3783-A968-B67A-0AB202987824}") = "Sandbox_0_git", "Assembly-CSharp-firstpass.csproj", "{06368566-EE23-DA10-AE1F-BD5A6D63C3DC}"
EndProject
Project("{AFA8B402-3783-A968-B67A-0AB202987824}") = "Sandbox_0_git", "Assembly-CSharp.csproj", "{443C452F-8BDB-C3BC-8C08-916ACED74458}"
EndProject
Project("{AFA8B402-3783-A968-B67A-0AB202987824}") = "Sandbox_0_git", "Assembly-UnityScript-firstpass.unityproj", "{57DAF726-312D-3175-A1D8-63F3F0608404}"
EndProject
Project("{AFA8B402-3783-A968-B67A-0AB202987824}") = "Sandbox_0_git", "Assembly-UnityScript.unityproj", "{6D6680C1-7A9C-2F78-8859-A5D253B2D238}"
EndProject
Global
	GlobalSection(SolutionConfigurationPlatforms) = preSolution
		Debug|Any CPU = Debug|Any CPU
		Release|Any CPU = Release|Any CPU
	EndGlobalSection
	GlobalSection(ProjectConfigurationPlatforms) = postSolution
		{06368566-EE23-DA10-AE1F-BD5A6D63C3DC}.Debug|Any CPU.ActiveCfg = Debug|Any CPU
		{06368566-EE23-DA10-AE1F-BD5A6D63C3DC}.Debug|Any CPU.Build.0 = Debug|Any CPU
		{06368566-EE23-DA10-AE1F-BD5A6D63C3DC}.Release|Any CPU.ActiveCfg = Release|Any CPU
		{06368566-EE23-DA10-AE1F-BD5A6D63C3DC}.Release|Any CPU.Build.0 = Release|Any CPU
		{443C452F-8BDB-C3BC-8C08-916ACED74458}.Debug|Any CPU.ActiveCfg = Debug|Any CPU
		{443C452F-8BDB-C3BC-8C08-916ACED74458}.Debug|Any CPU.Build.0 = Debug|Any CPU
		{443C452F-8BDB-C3BC-8C08-916ACED74458}.Release|Any CPU.ActiveCfg = Release|Any CPU
		{443C452F-8BDB-C3BC-8C08-916ACED74458}.Release|Any CPU.Build.0 = Release|Any CPU
		{57DAF726-312D-3175-A1D8-63F3F0608404}.Debug|Any CPU.ActiveCfg = Debug|Any CPU
		{57DAF726-312D-3175-A1D8-63F3F0608404}.Debug|Any CPU.Build.0 = Debug|Any CPU
		{57DAF726-312D-3175-A1D8-63F3F0608404}.Release|Any CPU.ActiveCfg = Release|Any CPU
		{57DAF726-312D-3175-A1D8-63F3F0608404}.Release|Any CPU.Build.0 = Release|Any CPU
		{6D6680C1-7A9C-2F78-8859-A5D253B2D238}.Debug|Any CPU.ActiveCfg = Debug|Any CPU
		{6D6680C1-7A9C-2F78-8859-A5D253B2D238}.Debug|Any CPU.Build.0 = Debug|Any CPU
		{6D6680C1-7A9C-2F78-8859-A5D253B2D238}.Release|Any CPU.ActiveCfg = Release|Any CPU
		{6D6680C1-7A9C-2F78-8859-A5D253B2D238}.Release|Any CPU.Build.0 = Release|Any CPU
	EndGlobalSection
	GlobalSection(SolutionProperties) = preSolution
		HideSolutionNode = FALSE
	EndGlobalSection
																														GlobalSection(MonoDevelopProperties) = preSolution
		StartupItem = Assembly-CSharp.csproj
		Policies = $0
		$0.TextStylePolicy = $1
		$1.inheritsSet = null
		$1.scope = text/x-csharp
		$0.CSharpFormattingPolicy = $2
		$2.inheritsSet = Mono
		$2.inheritsScope = text/x-csharp
		$2.scope = text/x-csharp
		$0.TextStylePolicy = $3
		$3.FileWidth = 120
		$3.TabWidth = 4
		$3.EolMarker = Unix
		$3.inheritsSet = Mono
		$3.inheritsScope = text/plain
		$3.scope = text/plain
	EndGlobalSection

EndGlobal
